
Microsoft Visual Studio Solution File, Format Version 12.00
# Visual Studio Version 16
VisualStudioVersion = 16.0.30907.101
MinimumVisualStudioVersion = 10.0.40219.1
Project("{9A19103F-16F7-4668-BE54-9A1E7A4F7556}") = "MovieLibrary", "MovieLibrary.csproj", "{D8515DF9-49A7-4557-BF50-8B27D8ACC87D}"
EndProject
Project("{FAE04EC0-301F-11D3-BF4B-00C04F79EFBC}") = "MovieManagementTests", "..\MovieManagementTests\MovieManagementTests.csproj", "{A50D6004-42EF-4A24-A727-152E28734694}"
EndProject
Global
	GlobalSection(SolutionConfigurationPlatforms) = preSolution
		Debug|Any CPU = Debug|Any CPU
		Release|Any CPU = Release|Any CPU
	EndGlobalSection
	GlobalSection(ProjectConfigurationPlatforms) = postSolution
		{D8515DF9-49A7-4557-BF50-8B27D8ACC87D}.Debug|Any CPU.ActiveCfg = Debug|Any CPU
		{D8515DF9-49A7-4557-BF50-8B27D8ACC87D}.Debug|Any CPU.Build.0 = Debug|Any CPU
		{D8515DF9-49A7-4557-BF50-8B27D8ACC87D}.Release|Any CPU.ActiveCfg = Release|Any CPU
		{D8515DF9-49A7-4557-BF50-8B27D8ACC87D}.Release|Any CPU.Build.0 = Release|Any CPU
		{A50D6004-42EF-4A24-A727-152E28734694}.Debug|Any CPU.ActiveCfg = Debug|Any CPU
		{A50D6004-42EF-4A24-A727-152E28734694}.Debug|Any CPU.Build.0 = Debug|Any CPU
		{A50D6004-42EF-4A24-A727-152E28734694}.Release|Any CPU.ActiveCfg = Release|Any CPU
		{A50D6004-42EF-4A24-A727-152E28734694}.Release|Any CPU.Build.0 = Release|Any CPU
	EndGlobalSection
	GlobalSection(SolutionProperties) = preSolution
		HideSolutionNode = FALSE
	EndGlobalSection
	GlobalSection(ExtensibilityGlobals) = postSolution
		SolutionGuid = {E1C44F92-3557-4F5A-8D77-09B8CEC99CA3}
	EndGlobalSection
EndGlobal
